// !$*UTF8*$!
{
	archiveVersion = 1;
	classes = {
	};
	objectVersion = 48;
	objects = {

/* Begin PBXBuildFile section */
		D33CC6071F1945B9005AC791 /* AppDelegate.swift in Sources */ = {isa = PBXBuildFile; fileRef = D33CC6061F1945B9005AC791 /* AppDelegate.swift */; };
		D33CC6091F1945B9005AC791 /* ViewController.swift in Sources */ = {isa = PBXBuildFile; fileRef = D33CC6081F1945B9005AC791 /* ViewController.swift */; };
		D33CC60C1F1945B9005AC791 /* Main.storyboard in Resources */ = {isa = PBXBuildFile; fileRef = D33CC60A1F1945B9005AC791 /* Main.storyboard */; };
		D33CC60F1F1945B9005AC791 /* DoIt1.xcdatamodeld in Sources */ = {isa = PBXBuildFile; fileRef = D33CC60D1F1945B9005AC791 /* DoIt1.xcdatamodeld */; };
		D33CC6111F1945B9005AC791 /* Assets.xcassets in Resources */ = {isa = PBXBuildFile; fileRef = D33CC6101F1945B9005AC791 /* Assets.xcassets */; };
		D33CC6141F1945B9005AC791 /* LaunchScreen.storyboard in Resources */ = {isa = PBXBuildFile; fileRef = D33CC6121F1945B9005AC791 /* LaunchScreen.storyboard */; };
/* End PBXBuildFile section */

/* Begin PBXFileReference section */
		D33CC6031F1945B9005AC791 /* DoIt1.app */ = {isa = PBXFileReference; explicitFileType = wrapper.application; includeInIndex = 0; path = DoIt1.app; sourceTree = BUILT_PRODUCTS_DIR; };
		D33CC6061F1945B9005AC791 /* AppDelegate.swift */ = {isa = PBXFileReference; lastKnownFileType = sourcecode.swift; path = AppDelegate.swift; sourceTree = "<group>"; };
		D33CC6081F1945B9005AC791 /* ViewController.swift */ = {isa = PBXFileReference; lastKnownFileType = sourcecode.swift; path = ViewController.swift; sourceTree = "<group>"; };
		D33CC60B1F1945B9005AC791 /* Base */ = {isa = PBXFileReference; lastKnownFileType = file.storyboard; name = Base; path = Base.lproj/Main.storyboard; sourceTree = "<group>"; };
		D33CC60E1F1945B9005AC791 /* DoIt1.xcdatamodel */ = {isa = PBXFileReference; lastKnownFileType = wrapper.xcdatamodel; path = DoIt1.xcdatamodel; sourceTree = "<group>"; };
		D33CC6101F1945B9005AC791 /* Assets.xcassets */ = {isa = PBXFileReference; lastKnownFileType = folder.assetcatalog; path = Assets.xcassets; sourceTree = "<group>"; };
		D33CC6131F1945B9005AC791 /* Base */ = {isa = PBXFileReference; lastKnownFileType = file.storyboard; name = Base; path = Base.lproj/LaunchScreen.storyboard; sourceTree = "<group>"; };
		D33CC6151F1945B9005AC791 /* Info.plist */ = {isa = PBXFileReference; lastKnownFileType = text.plist.xml; path = Info.plist; sourceTree = "<group>"; };
/* End PBXFileReference section */

/* Begin PBXFrameworksBuildPhase section */
		D33CC6001F1945B9005AC791 /* Frameworks */ = {
			isa = PBXFrameworksBuildPhase;
			buildActionMask = 2147483647;
			files = (
			);
			runOnlyForDeploymentPostprocessing = 0;
		};
/* End PBXFrameworksBuildPhase section */

/* Begin PBXGroup section */
		D33CC5FA1F1945B9005AC791 = {
			isa = PBXGroup;
			children = (
				D33CC6051F1945B9005AC791 /* DoIt1 */,
				D33CC6041F1945B9005AC791 /* Products */,
			);
			sourceTree = "<group>";
		};
		D33CC6041F1945B9005AC791 /* Products */ = {
			isa = PBXGroup;
			children = (
				D33CC6031F1945B9005AC791 /* DoIt1.app */,
			);
			name = Products;
			sourceTree = "<group>";
		};
		D33CC6051F1945B9005AC791 /* DoIt1 */ = {
			isa = PBXGroup;
			children = (
				D33CC6061F1945B9005AC791 /* AppDelegate.swift */,
				D33CC6081F1945B9005AC791 /* ViewController.swift */,
				D33CC60A1F1945B9005AC791 /* Main.storyboard */,
				D33CC6101F1945B9005AC791 /* Assets.xcassets */,
				D33CC6121F1945B9005AC791 /* LaunchScreen.storyboard */,
				D33CC6151F1945B9005AC791 /* Info.plist */,
				D33CC60D1F1945B9005AC791 /* DoIt1.xcdatamodeld */,
			);
			path = DoIt1;
			sourceTree = "<group>";
		};
/* End PBXGroup section */

/* Begin PBXNativeTarget section */
		D33CC6021F1945B9005AC791 /* DoIt1 */ = {
			isa = PBXNativeTarget;
			buildConfigurationList = D33CC6181F1945B9005AC791 /* Build configuration list for PBXNativeTarget "DoIt1" */;
			buildPhases = (
				D33CC5FF1F1945B9005AC791 /* Sources */,
				D33CC6001F1945B9005AC791 /* Frameworks */,
				D33CC6011F1945B9005AC791 /* Resources */,
			);
			buildRules = (
			);
			dependencies = (
			);
			name = DoIt1;
			productName = DoIt1;
			productReference = D33CC6031F1945B9005AC791 /* DoIt1.app */;
			productType = "com.apple.product-type.application";
		};
/* End PBXNativeTarget section */

/* Begin PBXProject section */
		D33CC5FB1F1945B9005AC791 /* Project object */ = {
			isa = PBXProject;
			attributes = {
				LastSwiftUpdateCheck = 0900;
				LastUpgradeCheck = 0900;
				ORGANIZATIONNAME = Tony;
				TargetAttributes = {
					D33CC6021F1945B9005AC791 = {
						CreatedOnToolsVersion = 9.0;
					};
				};
			};
			buildConfigurationList = D33CC5FE1F1945B9005AC791 /* Build configuration list for PBXProject "DoIt1" */;
			compatibilityVersion = "Xcode 8.0";
			developmentRegion = en;
			hasScannedForEncodings = 0;
			knownRegions = (
				en,
				Base,
			);
			mainGroup = D33CC5FA1F1945B9005AC791;
			productRefGroup = D33CC6041F1945B9005AC791 /* Products */;
			projectDirPath = "";
			projectRoot = "";
			targets = (
				D33CC6021F1945B9005AC791 /* DoIt1 */,
			);
		};
/* End PBXProject section */

/* Begin PBXResourcesBuildPhase section */
		D33CC6011F1945B9005AC791 /* Resources */ = {
			isa = PBXResourcesBuildPhase;
			buildActionMask = 2147483647;
			files = (
				D33CC6141F1945B9005AC791 /* LaunchScreen.storyboard in Resources */,
				D33CC6111F1945B9005AC791 /* Assets.xcassets in Resources */,
				D33CC60C1F1945B9005AC791 /* Main.storyboard in Resources */,
			);
			runOnlyForDeploymentPostprocessing = 0;
		};
/* End PBXResourcesBuildPhase section */

/* Begin PBXSourcesBuildPhase section */
		D33CC5FF1F1945B9005AC791 /* Sources */ = {
			isa = PBXSourcesBuildPhase;
			buildActionMask = 2147483647;
			files = (
				D33CC6091F1945B9005AC791 /* ViewController.swift in Sources */,
				D33CC6071F1945B9005AC791 /* AppDelegate.swift in Sources */,
				D33CC60F1F1945B9005AC791 /* DoIt1.xcdatamodeld in Sources */,
			);
			runOnlyForDeploymentPostprocessing = 0;
		};
/* End PBXSourcesBuildPhase section */

/* Begin PBXVariantGroup section */
		D33CC60A1F1945B9005AC791 /* Main.storyboard */ = {
			isa = PBXVariantGroup;
			children = (
				D33CC60B1F1945B9005AC791 /* Base */,
			);
			name = Main.storyboard;
			sourceTree = "<group>";
		};
		D33CC6121F1945B9005AC791 /* LaunchScreen.storyboard */ = {
			isa = PBXVariantGroup;
			children = (
				D33CC6131F1945B9005AC791 /* Base */,
			);
			name = LaunchScreen.storyboard;
			sourceTree = "<group>";
		};
/* End PBXVariantGroup section */

/* Begin XCBuildConfiguration section */
		D33CC6161F1945B9005AC791 /* Debug */ = {
			isa = XCBuildConfiguration;
			buildSettings = {
				ALWAYS_SEARCH_USER_PATHS = NO;
				CLANG_ANALYZER_NONNULL = YES;
				CLANG_ANALYZER_NUMBER_OBJECT_CONVERSION = YES_AGGRESSIVE;
				CLANG_CXX_LANGUAGE_STANDARD = "gnu++14";
				CLANG_CXX_LIBRARY = "libc++";
				CLANG_ENABLE_MODULES = YES;
				CLANG_ENABLE_OBJC_ARC = YES;
				CLANG_WARN_BLOCK_CAPTURE_AUTORELEASING = YES;
				CLANG_WARN_BOOL_CONVERSION = YES;
				CLANG_WARN_COMMA = YES;
				CLANG_WARN_CONSTANT_CONVERSION = YES;
				CLANG_WARN_DIRECT_OBJC_ISA_USAGE = YES_ERROR;
				CLANG_WARN_DOCUMENTATION_COMMENTS = YES;
				CLANG_WARN_EMPTY_BODY = YES;
				CLANG_WARN_ENUM_CONVERSION = YES;
				CLANG_WARN_INFINITE_RECURSION = YES;
				CLANG_WARN_INT_CONVERSION = YES;
				CLANG_WARN_OBJC_ROOT_CLASS = YES_ERROR;
				CLANG_WARN_RANGE_LOOP_ANALYSIS = YES;
				CLANG_WARN_STRICT_PROTOTYPES = YES;
				CLANG_WARN_SUSPICIOUS_MOVE = YES;
				CLANG_WARN_UNGUARDED_AVAILABILITY = YES_AGGRESSIVE;
				CLANG_WARN_UNREACHABLE_CODE = YES;
				CLANG_WARN__DUPLICATE_METHOD_MATCH = YES;
				CODE_SIGN_IDENTITY = "iPhone Developer";
				COPY_PHASE_STRIP = NO;
				DEBUG_INFORMATION_FORMAT = dwarf;
				ENABLE_STRICT_OBJC_MSGSEND = YES;
				ENABLE_TESTABILITY = YES;
				GCC_C_LANGUAGE_STANDARD = gnu11;
				GCC_DYNAMIC_NO_PIC = NO;
				GCC_NO_COMMON_BLOCKS = YES;
				GCC_OPTIMIZATION_LEVEL = 0;
				GCC_PREPROCESSOR_DEFINITIONS = (
					"DEBUG=1",
					"$(inherited)",
				);
				GCC_WARN_64_TO_32_BIT_CONVERSION = YES;
				GCC_WARN_ABOUT_RETURN_TYPE = YES_ERROR;
				GCC_WARN_UNDECLARED_SELECTOR = YES;
				GCC_WARN_UNINITIALIZED_AUTOS = YES_AGGRESSIVE;
				GCC_WARN_UNUSED_FUNCTION = YES;
				GCC_WARN_UNUSED_VARIABLE = YES;
				IPHONEOS_DEPLOYMENT_TARGET = 11.0;
				MTL_ENABLE_DEBUG_INFO = YES;
				ONLY_ACTIVE_ARCH = YES;
				SDKROOT = iphoneos;
				SWIFT_ACTIVE_COMPILATION_CONDITIONS = DEBUG;
				SWIFT_OPTIMIZATION_LEVEL = "-Onone";
			};
			name = Debug;
		};
		D33CC6171F1945B9005AC791 /* Release */ = {
			isa = XCBuildConfiguration;
			buildSettings = {
				ALWAYS_SEARCH_USER_PATHS = NO;
				CLANG_ANALYZER_NONNULL = YES;
				CLANG_ANALYZER_NUMBER_OBJECT_CONVERSION = YES_AGGRESSIVE;
				CLANG_CXX_LANGUAGE_STANDARD = "gnu++14";
				CLANG_CXX_LIBRARY = "libc++";
				CLANG_ENABLE_MODULES = YES;
				CLANG_ENABLE_OBJC_ARC = YES;
				CLANG_WARN_BLOCK_CAPTURE_AUTORELEASING = YES;
				CLANG_WARN_BOOL_CONVERSION = YES;
				CLANG_WARN_COMMA = YES;
				CLANG_WARN_CONSTANT_CONVERSION = YES;
				CLANG_WARN_DIRECT_OBJC_ISA_USAGE = YES_ERROR;
				CLANG_WARN_DOCUMENTATION_COMMENTS = YES;
				CLANG_WARN_EMPTY_BODY = YES;
				CLANG_WARN_ENUM_CONVERSION = YES;
				CLANG_WARN_INFINITE_RECURSION = YES;
				CLANG_WARN_INT_CONVERSION = YES;
				CLANG_WARN_OBJC_ROOT_CLASS = YES_ERROR;
				CLANG_WARN_RANGE_LOOP_ANALYSIS = YES;
				CLANG_WARN_STRICT_PROTOTYPES = YES;
				CLANG_WARN_SUSPICIOUS_MOVE = YES;
				CLANG_WARN_UNGUARDED_AVAILABILITY = YES_AGGRESSIVE;
				CLANG_WARN_UNREACHABLE_CODE = YES;
				CLANG_WARN__DUPLICATE_METHOD_MATCH = YES;
				CODE_SIGN_IDENTITY = "iPhone Developer";
				COPY_PHASE_STRIP = NO;
				DEBUG_INFORMATION_FORMAT = "dwarf-with-dsym";
				ENABLE_NS_ASSERTIONS = NO;
				ENABLE_STRICT_OBJC_MSGSEND = YES;
				GCC_C_LANGUAGE_STANDARD = gnu11;
				GCC_NO_COMMON_BLOCKS = YES;
				GCC_WARN_64_TO_32_BIT_CONVERSION = YES;
				GCC_WARN_ABOUT_RETURN_TYPE = YES_ERROR;
				GCC_WARN_UNDECLARED_SELECTOR = YES;
				GCC_WARN_UNINITIALIZED_AUTOS = YES_AGGRESSIVE;
				GCC_WARN_UNUSED_FUNCTION = YES;
				GCC_WARN_UNUSED_VARIABLE = YES;
				IPHONEOS_DEPLOYMENT_TARGET = 11.0;
				MTL_ENABLE_DEBUG_INFO = NO;
				SDKROOT = iphoneos;
				SWIFT_OPTIMIZATION_LEVEL = "-Owholemodule";
				VALIDATE_PRODUCT = YES;
			};
			name = Release;
		};
		D33CC6191F1945B9005AC791 /* Debug */ = {
			isa = XCBuildConfiguration;
			buildSettings = {
				ASSETCATALOG_COMPILER_APPICON_NAME = AppIcon;
				INFOPLIST_FILE = DoIt1/Info.plist;
				LD_RUNPATH_SEARCH_PATHS = "$(inherited) @executable_path/Frameworks";
				PRODUCT_BUNDLE_IDENTIFIER = duh.DoIt1;
				PRODUCT_NAME = "$(TARGET_NAME)";
				SWIFT_VERSION = 4.0;
				TARGETED_DEVICE_FAMILY = "1,2";
			};
			name = Debug;
		};
		D33CC61A1F1945B9005AC791 /* Release */ = {
			isa = XCBuildConfiguration;
			buildSettings = {
				ASSETCATALOG_COMPILER_APPICON_NAME = AppIcon;
				INFOPLIST_FILE = DoIt1/Info.plist;
				LD_RUNPATH_SEARCH_PATHS = "$(inherited) @executable_path/Frameworks";
				PRODUCT_BUNDLE_IDENTIFIER = duh.DoIt1;
				PRODUCT_NAME = "$(TARGET_NAME)";
				SWIFT_VERSION = 4.0;
				TARGETED_DEVICE_FAMILY = "1,2";
			};
			name = Release;
		};
/* End XCBuildConfiguration section */

/* Begin XCConfigurationList section */
		D33CC5FE1F1945B9005AC791 /* Build configuration list for PBXProject "DoIt1" */ = {
			isa = XCConfigurationList;
			buildConfigurations = (
				D33CC6161F1945B9005AC791 /* Debug */,
				D33CC6171F1945B9005AC791 /* Release */,
			);
			defaultConfigurationIsVisible = 0;
			defaultConfigurationName = Release;
		};
		D33CC6181F1945B9005AC791 /* Build configuration list for PBXNativeTarget "DoIt1" */ = {
			isa = XCConfigurationList;
			buildConfigurations = (
				D33CC6191F1945B9005AC791 /* Debug */,
				D33CC61A1F1945B9005AC791 /* Release */,
			);
			defaultConfigurationIsVisible = 0;
		};
/* End XCConfigurationList section */

/* Begin XCVersionGroup section */
		D33CC60D1F1945B9005AC791 /* DoIt1.xcdatamodeld */ = {
			isa = XCVersionGroup;
			children = (
				D33CC60E1F1945B9005AC791 /* DoIt1.xcdatamodel */,
			);
			currentVersion = D33CC60E1F1945B9005AC791 /* DoIt1.xcdatamodel */;
			path = DoIt1.xcdatamodeld;
			sourceTree = "<group>";
			versionGroupType = wrapper.xcdatamodel;
		};
/* End XCVersionGroup section */
	};
	rootObject = D33CC5FB1F1945B9005AC791 /* Project object */;
}
